<<<<<<< HEAD
﻿
Microsoft Visual Studio Solution File, Format Version 12.00
# Visual Studio 2015
Project("{FAE04EC0-301F-11D3-BF4B-00C04F79EFBC}") = "pixel-gun", "pixel-gun.csproj", "{B0AE7C96-8CD6-6798-78B4-18E01C8286A6}"
EndProject
Project("{FAE04EC0-301F-11D3-BF4B-00C04F79EFBC}") = "pixel-gun.Editor", "pixel-gun.Editor.csproj", "{BE72C901-5432-1AA7-EC07-043AC6E06B97}"
EndProject
Global
	GlobalSection(SolutionConfigurationPlatforms) = preSolution
		Debug|Any CPU = Debug|Any CPU
		Release|Any CPU = Release|Any CPU
	EndGlobalSection
	GlobalSection(ProjectConfigurationPlatforms) = postSolution
		{B0AE7C96-8CD6-6798-78B4-18E01C8286A6}.Debug|Any CPU.ActiveCfg = Debug|Any CPU
		{B0AE7C96-8CD6-6798-78B4-18E01C8286A6}.Debug|Any CPU.Build.0 = Debug|Any CPU
		{B0AE7C96-8CD6-6798-78B4-18E01C8286A6}.Release|Any CPU.ActiveCfg = Release|Any CPU
		{B0AE7C96-8CD6-6798-78B4-18E01C8286A6}.Release|Any CPU.Build.0 = Release|Any CPU
		{BE72C901-5432-1AA7-EC07-043AC6E06B97}.Debug|Any CPU.ActiveCfg = Debug|Any CPU
		{BE72C901-5432-1AA7-EC07-043AC6E06B97}.Debug|Any CPU.Build.0 = Debug|Any CPU
		{BE72C901-5432-1AA7-EC07-043AC6E06B97}.Release|Any CPU.ActiveCfg = Release|Any CPU
		{BE72C901-5432-1AA7-EC07-043AC6E06B97}.Release|Any CPU.Build.0 = Release|Any CPU
	EndGlobalSection
	GlobalSection(SolutionProperties) = preSolution
		HideSolutionNode = FALSE
	EndGlobalSection
EndGlobal
=======
﻿
Microsoft Visual Studio Solution File, Format Version 12.00
# Visual Studio 2015
Project("{FAE04EC0-301F-11D3-BF4B-00C04F79EFBC}") = "pixel-gun", "pixel-gun.csproj", "{B0AE7C96-8CD6-6798-78B4-18E01C8286A6}"
EndProject
Project("{FAE04EC0-301F-11D3-BF4B-00C04F79EFBC}") = "pixel-gun.Editor", "pixel-gun.Editor.csproj", "{BE72C901-5432-1AA7-EC07-043AC6E06B97}"
EndProject
Global
	GlobalSection(SolutionConfigurationPlatforms) = preSolution
		Debug|Any CPU = Debug|Any CPU
		Release|Any CPU = Release|Any CPU
	EndGlobalSection
	GlobalSection(ProjectConfigurationPlatforms) = postSolution
		{B0AE7C96-8CD6-6798-78B4-18E01C8286A6}.Debug|Any CPU.ActiveCfg = Debug|Any CPU
		{B0AE7C96-8CD6-6798-78B4-18E01C8286A6}.Debug|Any CPU.Build.0 = Debug|Any CPU
		{B0AE7C96-8CD6-6798-78B4-18E01C8286A6}.Release|Any CPU.ActiveCfg = Release|Any CPU
		{B0AE7C96-8CD6-6798-78B4-18E01C8286A6}.Release|Any CPU.Build.0 = Release|Any CPU
		{BE72C901-5432-1AA7-EC07-043AC6E06B97}.Debug|Any CPU.ActiveCfg = Debug|Any CPU
		{BE72C901-5432-1AA7-EC07-043AC6E06B97}.Debug|Any CPU.Build.0 = Debug|Any CPU
		{BE72C901-5432-1AA7-EC07-043AC6E06B97}.Release|Any CPU.ActiveCfg = Release|Any CPU
		{BE72C901-5432-1AA7-EC07-043AC6E06B97}.Release|Any CPU.Build.0 = Release|Any CPU
	EndGlobalSection
	GlobalSection(SolutionProperties) = preSolution
		HideSolutionNode = FALSE
	EndGlobalSection
EndGlobal
>>>>>>> ba954f3b8740335b7e6602963e85ee0e5207ed17
